
Microsoft Visual Studio Solution File, Format Version 12.00
# Visual Studio 2012
Project("{FAE04EC0-301F-11D3-BF4B-00C04F79EFBC}") = "winforms", "winforms.csproj", "{DCAE3A98-107B-4C05-86FE-922C63DBF908}"
	ProjectSection(ProjectDependencies) = postProject
		{05F274FB-1ECC-488C-A157-D0D412D73017} = {05F274FB-1ECC-488C-A157-D0D412D73017}
	EndProjectSection
EndProject
Project("{FAE04EC0-301F-11D3-BF4B-00C04F79EFBC}") = "TwitchSdkWrapper", "..\..\bindings\csharp\wrapper\TwitchSdkWrapper.csproj", "{05F274FB-1ECC-488C-A157-D0D412D73017}"
	ProjectSection(ProjectDependencies) = postProject
		{E6B2756F-D5A7-46C3-A58C-B7775467B154} = {E6B2756F-D5A7-46C3-A58C-B7775467B154}
	EndProjectSection
EndProject
Project("{8BC9CEB8-8B4A-11D0-8D11-00A0C91BC942}") = "twitchsdk", "..\..\twitchsdk.vcxproj", "{E6B2756F-D5A7-46C3-A58C-B7775467B154}"
	ProjectSection(ProjectDependencies) = postProject
		{77186405-DA32-40B5-BC68-4E805518C2B7} = {77186405-DA32-40B5-BC68-4E805518C2B7}
		{6A59BB79-4F32-4C79-A161-12D76132FC98} = {6A59BB79-4F32-4C79-A161-12D76132FC98}
		{FF32A37D-6F33-4A64-B433-2D93A79B0CAC} = {FF32A37D-6F33-4A64-B433-2D93A79B0CAC}
	EndProjectSection
EndProject
Project("{8BC9CEB8-8B4A-11D0-8D11-00A0C91BC942}") = "twitchcore", "..\..\twitchcore\twitchcore.vcxproj", "{FF32A37D-6F33-4A64-B433-2D93A79B0CAC}"
EndProject
Project("{FAE04EC0-301F-11D3-BF4B-00C04F79EFBC}") = "wrappertest", "..\..\..\tests\bindings\csharp\wrappertest.csproj", "{478D2EC3-DBFD-4840-AF4C-2D5A8BD89B5D}"
EndProject
Project("{8BC9CEB8-8B4A-11D0-8D11-00A0C91BC942}") = "twitchchat", "..\..\twitchchat\twitchchat.vcxproj", "{77186405-DA32-40B5-BC68-4E805518C2B7}"
	ProjectSection(ProjectDependencies) = postProject
		{FF32A37D-6F33-4A64-B433-2D93A79B0CAC} = {FF32A37D-6F33-4A64-B433-2D93A79B0CAC}
	EndProjectSection
EndProject
Project("{8BC9CEB8-8B4A-11D0-8D11-00A0C91BC942}") = "jsoncpp", "..\..\jsoncpp\jsoncpp.vcxproj", "{6A59BB79-4F32-4C79-A161-12D76132FC98}"
EndProject
Global
	GlobalSection(SolutionConfigurationPlatforms) = preSolution
		Debug|Any CPU = Debug|Any CPU
		Debug|Mixed Platforms = Debug|Mixed Platforms
		Debug|Win32 = Debug|Win32
		Debug|x64 = Debug|x64
		Debug|x86 = Debug|x86
		DebugMD|Any CPU = DebugMD|Any CPU
		DebugMD|Mixed Platforms = DebugMD|Mixed Platforms
		DebugMD|Win32 = DebugMD|Win32
		DebugMD|x64 = DebugMD|x64
		DebugMD|x86 = DebugMD|x86
		Release|Any CPU = Release|Any CPU
		Release|Mixed Platforms = Release|Mixed Platforms
		Release|Win32 = Release|Win32
		Release|x64 = Release|x64
		Release|x86 = Release|x86
		ReleaseMD|Any CPU = ReleaseMD|Any CPU
		ReleaseMD|Mixed Platforms = ReleaseMD|Mixed Platforms
		ReleaseMD|Win32 = ReleaseMD|Win32
		ReleaseMD|x64 = ReleaseMD|x64
		ReleaseMD|x86 = ReleaseMD|x86
	EndGlobalSection
	GlobalSection(ProjectConfigurationPlatforms) = postSolution
		{DCAE3A98-107B-4C05-86FE-922C63DBF908}.Debug|Any CPU.ActiveCfg = Debug|x86
		{DCAE3A98-107B-4C05-86FE-922C63DBF908}.Debug|Mixed Platforms.ActiveCfg = Debug|x86
		{DCAE3A98-107B-4C05-86FE-922C63DBF908}.Debug|Mixed Platforms.Build.0 = Debug|x86
		{DCAE3A98-107B-4C05-86FE-922C63DBF908}.Debug|Win32.ActiveCfg = Debug|x86
		{DCAE3A98-107B-4C05-86FE-922C63DBF908}.Debug|Win32.Build.0 = Debug|x86
		{DCAE3A98-107B-4C05-86FE-922C63DBF908}.Debug|x64.ActiveCfg = Debug|x64
		{DCAE3A98-107B-4C05-86FE-922C63DBF908}.Debug|x64.Build.0 = Debug|x64
		{DCAE3A98-107B-4C05-86FE-922C63DBF908}.Debug|x86.ActiveCfg = Debug|x86
		{DCAE3A98-107B-4C05-86FE-922C63DBF908}.Debug|x86.Build.0 = Debug|x86
		{DCAE3A98-107B-4C05-86FE-922C63DBF908}.DebugMD|Any CPU.ActiveCfg = Debug|x86
		{DCAE3A98-107B-4C05-86FE-922C63DBF908}.DebugMD|Mixed Platforms.ActiveCfg = Debug|x86
		{DCAE3A98-107B-4C05-86FE-922C63DBF908}.DebugMD|Mixed Platforms.Build.0 = Debug|x86
		{DCAE3A98-107B-4C05-86FE-922C63DBF908}.DebugMD|Win32.ActiveCfg = Debug|x86
		{DCAE3A98-107B-4C05-86FE-922C63DBF908}.DebugMD|Win32.Build.0 = Debug|x86
		{DCAE3A98-107B-4C05-86FE-922C63DBF908}.DebugMD|x64.ActiveCfg = Debug|x64
		{DCAE3A98-107B-4C05-86FE-922C63DBF908}.DebugMD|x64.Build.0 = Debug|x64
		{DCAE3A98-107B-4C05-86FE-922C63DBF908}.DebugMD|x86.ActiveCfg = Debug|x86
		{DCAE3A98-107B-4C05-86FE-922C63DBF908}.DebugMD|x86.Build.0 = Debug|x86
		{DCAE3A98-107B-4C05-86FE-922C63DBF908}.Release|Any CPU.ActiveCfg = Release|x86
		{DCAE3A98-107B-4C05-86FE-922C63DBF908}.Release|Mixed Platforms.ActiveCfg = Release|x86
		{DCAE3A98-107B-4C05-86FE-922C63DBF908}.Release|Mixed Platforms.Build.0 = Release|x86
		{DCAE3A98-107B-4C05-86FE-922C63DBF908}.Release|Win32.ActiveCfg = Release|x86
		{DCAE3A98-107B-4C05-86FE-922C63DBF908}.Release|Win32.Build.0 = Release|x86
		{DCAE3A98-107B-4C05-86FE-922C63DBF908}.Release|x64.ActiveCfg = Release|x64
		{DCAE3A98-107B-4C05-86FE-922C63DBF908}.Release|x64.Build.0 = Release|x64
		{DCAE3A98-107B-4C05-86FE-922C63DBF908}.Release|x86.ActiveCfg = Release|x86
		{DCAE3A98-107B-4C05-86FE-922C63DBF908}.Release|x86.Build.0 = Release|x86
		{DCAE3A98-107B-4C05-86FE-922C63DBF908}.ReleaseMD|Any CPU.ActiveCfg = Release|x86
		{DCAE3A98-107B-4C05-86FE-922C63DBF908}.ReleaseMD|Mixed Platforms.ActiveCfg = Release|x86
		{DCAE3A98-107B-4C05-86FE-922C63DBF908}.ReleaseMD|Mixed Platforms.Build.0 = Release|x86
		{DCAE3A98-107B-4C05-86FE-922C63DBF908}.ReleaseMD|Win32.ActiveCfg = Release|x86
		{DCAE3A98-107B-4C05-86FE-922C63DBF908}.ReleaseMD|Win32.Build.0 = Release|x86
		{DCAE3A98-107B-4C05-86FE-922C63DBF908}.ReleaseMD|x64.ActiveCfg = Release|x64
		{DCAE3A98-107B-4C05-86FE-922C63DBF908}.ReleaseMD|x64.Build.0 = Release|x64
		{DCAE3A98-107B-4C05-86FE-922C63DBF908}.ReleaseMD|x86.ActiveCfg = Release|x86
		{DCAE3A98-107B-4C05-86FE-922C63DBF908}.ReleaseMD|x86.Build.0 = Release|x86
		{05F274FB-1ECC-488C-A157-D0D412D73017}.Debug|Any CPU.ActiveCfg = Debug|Any CPU
		{05F274FB-1ECC-488C-A157-D0D412D73017}.Debug|Any CPU.Build.0 = Debug|Any CPU
		{05F274FB-1ECC-488C-A157-D0D412D73017}.Debug|Mixed Platforms.ActiveCfg = Debug|Any CPU
		{05F274FB-1ECC-488C-A157-D0D412D73017}.Debug|Mixed Platforms.Build.0 = Debug|Any CPU
		{05F274FB-1ECC-488C-A157-D0D412D73017}.Debug|Win32.ActiveCfg = Debug|x86
		{05F274FB-1ECC-488C-A157-D0D412D73017}.Debug|Win32.Build.0 = Debug|x86
		{05F274FB-1ECC-488C-A157-D0D412D73017}.Debug|x64.ActiveCfg = Debug|Any CPU
		{05F274FB-1ECC-488C-A157-D0D412D73017}.Debug|x64.Build.0 = Debug|Any CPU
		{05F274FB-1ECC-488C-A157-D0D412D73017}.Debug|x86.ActiveCfg = Debug|Any CPU
		{05F274FB-1ECC-488C-A157-D0D412D73017}.Debug|x86.Build.0 = Debug|Any CPU
		{05F274FB-1ECC-488C-A157-D0D412D73017}.DebugMD|Any CPU.ActiveCfg = Debug|Any CPU
		{05F274FB-1ECC-488C-A157-D0D412D73017}.DebugMD|Any CPU.Build.0 = Debug|Any CPU
		{05F274FB-1ECC-488C-A157-D0D412D73017}.DebugMD|Mixed Platforms.ActiveCfg = Debug|x86
		{05F274FB-1ECC-488C-A157-D0D412D73017}.DebugMD|Mixed Platforms.Build.0 = Debug|x86
		{05F274FB-1ECC-488C-A157-D0D412D73017}.DebugMD|Win32.ActiveCfg = Debug|x86
		{05F274FB-1ECC-488C-A157-D0D412D73017}.DebugMD|Win32.Build.0 = Debug|x86
		{05F274FB-1ECC-488C-A157-D0D412D73017}.DebugMD|x64.ActiveCfg = Debug|x64
		{05F274FB-1ECC-488C-A157-D0D412D73017}.DebugMD|x64.Build.0 = Debug|x64
		{05F274FB-1ECC-488C-A157-D0D412D73017}.DebugMD|x86.ActiveCfg = Debug|x86
		{05F274FB-1ECC-488C-A157-D0D412D73017}.DebugMD|x86.Build.0 = Debug|x86
		{05F274FB-1ECC-488C-A157-D0D412D73017}.Release|Any CPU.ActiveCfg = Release|Any CPU
		{05F274FB-1ECC-488C-A157-D0D412D73017}.Release|Any CPU.Build.0 = Release|Any CPU
		{05F274FB-1ECC-488C-A157-D0D412D73017}.Release|Mixed Platforms.ActiveCfg = Release|Any CPU
		{05F274FB-1ECC-488C-A157-D0D412D73017}.Release|Mixed Platforms.Build.0 = Release|Any CPU
		{05F274FB-1ECC-488C-A157-D0D412D73017}.Release|Win32.ActiveCfg = Release|x86
		{05F274FB-1ECC-488C-A157-D0D412D73017}.Release|Win32.Build.0 = Release|x86
		{05F274FB-1ECC-488C-A157-D0D412D73017}.Release|x64.ActiveCfg = Release|Any CPU
		{05F274FB-1ECC-488C-A157-D0D412D73017}.Release|x64.Build.0 = Release|Any CPU
		{05F274FB-1ECC-488C-A157-D0D412D73017}.Release|x86.ActiveCfg = Release|Any CPU
		{05F274FB-1ECC-488C-A157-D0D412D73017}.Release|x86.Build.0 = Release|Any CPU
		{05F274FB-1ECC-488C-A157-D0D412D73017}.ReleaseMD|Any CPU.ActiveCfg = Release|Any CPU
		{05F274FB-1ECC-488C-A157-D0D412D73017}.ReleaseMD|Any CPU.Build.0 = Release|Any CPU
		{05F274FB-1ECC-488C-A157-D0D412D73017}.ReleaseMD|Mixed Platforms.ActiveCfg = Release|x86
		{05F274FB-1ECC-488C-A157-D0D412D73017}.ReleaseMD|Mixed Platforms.Build.0 = Release|x86
		{05F274FB-1ECC-488C-A157-D0D412D73017}.ReleaseMD|Win32.ActiveCfg = Release|x86
		{05F274FB-1ECC-488C-A157-D0D412D73017}.ReleaseMD|Win32.Build.0 = Release|x86
		{05F274FB-1ECC-488C-A157-D0D412D73017}.ReleaseMD|x64.ActiveCfg = Release|x64
		{05F274FB-1ECC-488C-A157-D0D412D73017}.ReleaseMD|x64.Build.0 = Release|x64
		{05F274FB-1ECC-488C-A157-D0D412D73017}.ReleaseMD|x86.ActiveCfg = Release|x86
		{05F274FB-1ECC-488C-A157-D0D412D73017}.ReleaseMD|x86.Build.0 = Release|x86
		{E6B2756F-D5A7-46C3-A58C-B7775467B154}.Debug|Any CPU.ActiveCfg = debug|Win32
		{E6B2756F-D5A7-46C3-A58C-B7775467B154}.Debug|Mixed Platforms.ActiveCfg = debug|Win32
		{E6B2756F-D5A7-46C3-A58C-B7775467B154}.Debug|Mixed Platforms.Build.0 = debug|Win32
		{E6B2756F-D5A7-46C3-A58C-B7775467B154}.Debug|Win32.ActiveCfg = debug|Win32
		{E6B2756F-D5A7-46C3-A58C-B7775467B154}.Debug|Win32.Build.0 = debug|Win32
		{E6B2756F-D5A7-46C3-A58C-B7775467B154}.Debug|x64.ActiveCfg = DebugBindings|x64
		{E6B2756F-D5A7-46C3-A58C-B7775467B154}.Debug|x64.Build.0 = DebugBindings|x64
		{E6B2756F-D5A7-46C3-A58C-B7775467B154}.Debug|x86.ActiveCfg = DebugBindings|Win32
		{E6B2756F-D5A7-46C3-A58C-B7775467B154}.Debug|x86.Build.0 = DebugBindings|Win32
		{E6B2756F-D5A7-46C3-A58C-B7775467B154}.DebugMD|Any CPU.ActiveCfg = DebugMD|Win32
		{E6B2756F-D5A7-46C3-A58C-B7775467B154}.DebugMD|Mixed Platforms.ActiveCfg = DebugMD|Win32
		{E6B2756F-D5A7-46C3-A58C-B7775467B154}.DebugMD|Mixed Platforms.Build.0 = DebugMD|Win32
		{E6B2756F-D5A7-46C3-A58C-B7775467B154}.DebugMD|Win32.ActiveCfg = DebugMD|Win32
		{E6B2756F-D5A7-46C3-A58C-B7775467B154}.DebugMD|Win32.Build.0 = DebugMD|Win32
		{E6B2756F-D5A7-46C3-A58C-B7775467B154}.DebugMD|x64.ActiveCfg = DebugMD|x64
		{E6B2756F-D5A7-46C3-A58C-B7775467B154}.DebugMD|x64.Build.0 = DebugMD|x64
		{E6B2756F-D5A7-46C3-A58C-B7775467B154}.DebugMD|x86.ActiveCfg = DebugMD|Win32
		{E6B2756F-D5A7-46C3-A58C-B7775467B154}.DebugMD|x86.Build.0 = DebugMD|Win32
		{E6B2756F-D5A7-46C3-A58C-B7775467B154}.Release|Any CPU.ActiveCfg = release|Win32
		{E6B2756F-D5A7-46C3-A58C-B7775467B154}.Release|Mixed Platforms.ActiveCfg = release|Win32
		{E6B2756F-D5A7-46C3-A58C-B7775467B154}.Release|Mixed Platforms.Build.0 = release|Win32
		{E6B2756F-D5A7-46C3-A58C-B7775467B154}.Release|Win32.ActiveCfg = ReleaseBindings|Win32
		{E6B2756F-D5A7-46C3-A58C-B7775467B154}.Release|Win32.Build.0 = ReleaseBindings|Win32
		{E6B2756F-D5A7-46C3-A58C-B7775467B154}.Release|x64.ActiveCfg = ReleaseBindings|x64
		{E6B2756F-D5A7-46C3-A58C-B7775467B154}.Release|x64.Build.0 = ReleaseBindings|x64
		{E6B2756F-D5A7-46C3-A58C-B7775467B154}.Release|x86.ActiveCfg = ReleaseBindings|Win32
		{E6B2756F-D5A7-46C3-A58C-B7775467B154}.Release|x86.Build.0 = ReleaseBindings|Win32
		{E6B2756F-D5A7-46C3-A58C-B7775467B154}.ReleaseMD|Any CPU.ActiveCfg = ReleaseMD|Win32
		{E6B2756F-D5A7-46C3-A58C-B7775467B154}.ReleaseMD|Mixed Platforms.ActiveCfg = ReleaseMD|Win32
		{E6B2756F-D5A7-46C3-A58C-B7775467B154}.ReleaseMD|Mixed Platforms.Build.0 = ReleaseMD|Win32
		{E6B2756F-D5A7-46C3-A58C-B7775467B154}.ReleaseMD|Win32.ActiveCfg = ReleaseMD|Win32
		{E6B2756F-D5A7-46C3-A58C-B7775467B154}.ReleaseMD|Win32.Build.0 = ReleaseMD|Win32
		{E6B2756F-D5A7-46C3-A58C-B7775467B154}.ReleaseMD|x64.ActiveCfg = ReleaseMD|x64
		{E6B2756F-D5A7-46C3-A58C-B7775467B154}.ReleaseMD|x64.Build.0 = ReleaseMD|x64
		{E6B2756F-D5A7-46C3-A58C-B7775467B154}.ReleaseMD|x86.ActiveCfg = ReleaseMD|Win32
		{E6B2756F-D5A7-46C3-A58C-B7775467B154}.ReleaseMD|x86.Build.0 = ReleaseMD|Win32
		{FF32A37D-6F33-4A64-B433-2D93A79B0CAC}.Debug|Any CPU.ActiveCfg = Debug|Win32
		{FF32A37D-6F33-4A64-B433-2D93A79B0CAC}.Debug|Mixed Platforms.ActiveCfg = Debug|Win32
		{FF32A37D-6F33-4A64-B433-2D93A79B0CAC}.Debug|Mixed Platforms.Build.0 = Debug|Win32
		{FF32A37D-6F33-4A64-B433-2D93A79B0CAC}.Debug|Win32.ActiveCfg = Debug|Win32
		{FF32A37D-6F33-4A64-B433-2D93A79B0CAC}.Debug|Win32.Build.0 = Debug|Win32
		{FF32A37D-6F33-4A64-B433-2D93A79B0CAC}.Debug|x64.ActiveCfg = DebugBindings|x64
		{FF32A37D-6F33-4A64-B433-2D93A79B0CAC}.Debug|x64.Build.0 = DebugBindings|x64
		{FF32A37D-6F33-4A64-B433-2D93A79B0CAC}.Debug|x86.ActiveCfg = DebugBindings|Win32
		{FF32A37D-6F33-4A64-B433-2D93A79B0CAC}.Debug|x86.Build.0 = DebugBindings|Win32
		{FF32A37D-6F33-4A64-B433-2D93A79B0CAC}.DebugMD|Any CPU.ActiveCfg = DebugMD|Win32
		{FF32A37D-6F33-4A64-B433-2D93A79B0CAC}.DebugMD|Mixed Platforms.ActiveCfg = DebugMD|Win32
		{FF32A37D-6F33-4A64-B433-2D93A79B0CAC}.DebugMD|Mixed Platforms.Build.0 = DebugMD|Win32
		{FF32A37D-6F33-4A64-B433-2D93A79B0CAC}.DebugMD|Win32.ActiveCfg = DebugMD|Win32
		{FF32A37D-6F33-4A64-B433-2D93A79B0CAC}.DebugMD|Win32.Build.0 = DebugMD|Win32
		{FF32A37D-6F33-4A64-B433-2D93A79B0CAC}.DebugMD|x64.ActiveCfg = DebugMD|x64
		{FF32A37D-6F33-4A64-B433-2D93A79B0CAC}.DebugMD|x64.Build.0 = DebugMD|x64
		{FF32A37D-6F33-4A64-B433-2D93A79B0CAC}.DebugMD|x86.ActiveCfg = DebugMD|Win32
		{FF32A37D-6F33-4A64-B433-2D93A79B0CAC}.DebugMD|x86.Build.0 = DebugMD|Win32
		{FF32A37D-6F33-4A64-B433-2D93A79B0CAC}.Release|Any CPU.ActiveCfg = Release|Win32
		{FF32A37D-6F33-4A64-B433-2D93A79B0CAC}.Release|Mixed Platforms.ActiveCfg = Release|Win32
		{FF32A37D-6F33-4A64-B433-2D93A79B0CAC}.Release|Mixed Platforms.Build.0 = Release|Win32
		{FF32A37D-6F33-4A64-B433-2D93A79B0CAC}.Release|Win32.ActiveCfg = ReleaseBindings|Win32
		{FF32A37D-6F33-4A64-B433-2D93A79B0CAC}.Release|Win32.Build.0 = ReleaseBindings|Win32
		{FF32A37D-6F33-4A64-B433-2D93A79B0CAC}.Release|x64.ActiveCfg = ReleaseBindings|x64
		{FF32A37D-6F33-4A64-B433-2D93A79B0CAC}.Release|x64.Build.0 = ReleaseBindings|x64
		{FF32A37D-6F33-4A64-B433-2D93A79B0CAC}.Release|x86.ActiveCfg = ReleaseBindings|Win32
		{FF32A37D-6F33-4A64-B433-2D93A79B0CAC}.Release|x86.Build.0 = ReleaseBindings|Win32
		{FF32A37D-6F33-4A64-B433-2D93A79B0CAC}.ReleaseMD|Any CPU.ActiveCfg = ReleaseMD|Win32
		{FF32A37D-6F33-4A64-B433-2D93A79B0CAC}.ReleaseMD|Mixed Platforms.ActiveCfg = ReleaseMD|Win32
		{FF32A37D-6F33-4A64-B433-2D93A79B0CAC}.ReleaseMD|Mixed Platforms.Build.0 = ReleaseMD|Win32
		{FF32A37D-6F33-4A64-B433-2D93A79B0CAC}.ReleaseMD|Win32.ActiveCfg = ReleaseMD|Win32
		{FF32A37D-6F33-4A64-B433-2D93A79B0CAC}.ReleaseMD|Win32.Build.0 = ReleaseMD|Win32
		{FF32A37D-6F33-4A64-B433-2D93A79B0CAC}.ReleaseMD|x64.ActiveCfg = ReleaseMD|x64
		{FF32A37D-6F33-4A64-B433-2D93A79B0CAC}.ReleaseMD|x64.Build.0 = ReleaseMD|x64
		{FF32A37D-6F33-4A64-B433-2D93A79B0CAC}.ReleaseMD|x86.ActiveCfg = ReleaseMD|Win32
		{FF32A37D-6F33-4A64-B433-2D93A79B0CAC}.ReleaseMD|x86.Build.0 = ReleaseMD|Win32
		{478D2EC3-DBFD-4840-AF4C-2D5A8BD89B5D}.Debug|Any CPU.ActiveCfg = Debug|x86
		{478D2EC3-DBFD-4840-AF4C-2D5A8BD89B5D}.Debug|Mixed Platforms.ActiveCfg = Debug|x86
		{478D2EC3-DBFD-4840-AF4C-2D5A8BD89B5D}.Debug|Mixed Platforms.Build.0 = Debug|x86
		{478D2EC3-DBFD-4840-AF4C-2D5A8BD89B5D}.Debug|Win32.ActiveCfg = Debug|x86
		{478D2EC3-DBFD-4840-AF4C-2D5A8BD89B5D}.Debug|Win32.Build.0 = Debug|x86
		{478D2EC3-DBFD-4840-AF4C-2D5A8BD89B5D}.Debug|x64.ActiveCfg = Debug|x64
		{478D2EC3-DBFD-4840-AF4C-2D5A8BD89B5D}.Debug|x64.Build.0 = Debug|x64
		{478D2EC3-DBFD-4840-AF4C-2D5A8BD89B5D}.Debug|x86.ActiveCfg = Debug|x86
		{478D2EC3-DBFD-4840-AF4C-2D5A8BD89B5D}.Debug|x86.Build.0 = Debug|x86
		{478D2EC3-DBFD-4840-AF4C-2D5A8BD89B5D}.DebugMD|Any CPU.ActiveCfg = Debug|x86
		{478D2EC3-DBFD-4840-AF4C-2D5A8BD89B5D}.DebugMD|Mixed Platforms.ActiveCfg = Debug|x86
		{478D2EC3-DBFD-4840-AF4C-2D5A8BD89B5D}.DebugMD|Mixed Platforms.Build.0 = Debug|x86
		{478D2EC3-DBFD-4840-AF4C-2D5A8BD89B5D}.DebugMD|Win32.ActiveCfg = Debug|x86
		{478D2EC3-DBFD-4840-AF4C-2D5A8BD89B5D}.DebugMD|Win32.Build.0 = Debug|x86
		{478D2EC3-DBFD-4840-AF4C-2D5A8BD89B5D}.DebugMD|x64.ActiveCfg = Debug|x64
		{478D2EC3-DBFD-4840-AF4C-2D5A8BD89B5D}.DebugMD|x64.Build.0 = Debug|x64
		{478D2EC3-DBFD-4840-AF4C-2D5A8BD89B5D}.DebugMD|x86.ActiveCfg = Debug|x86
		{478D2EC3-DBFD-4840-AF4C-2D5A8BD89B5D}.DebugMD|x86.Build.0 = Debug|x86
		{478D2EC3-DBFD-4840-AF4C-2D5A8BD89B5D}.Release|Any CPU.ActiveCfg = Release|x86
		{478D2EC3-DBFD-4840-AF4C-2D5A8BD89B5D}.Release|Mixed Platforms.ActiveCfg = Release|x86
		{478D2EC3-DBFD-4840-AF4C-2D5A8BD89B5D}.Release|Mixed Platforms.Build.0 = Release|x86
		{478D2EC3-DBFD-4840-AF4C-2D5A8BD89B5D}.Release|Win32.ActiveCfg = Release|x86
		{478D2EC3-DBFD-4840-AF4C-2D5A8BD89B5D}.Release|Win32.Build.0 = Release|x86
		{478D2EC3-DBFD-4840-AF4C-2D5A8BD89B5D}.Release|x64.ActiveCfg = Release|x64
		{478D2EC3-DBFD-4840-AF4C-2D5A8BD89B5D}.Release|x64.Build.0 = Release|x64
		{478D2EC3-DBFD-4840-AF4C-2D5A8BD89B5D}.Release|x86.ActiveCfg = Release|x86
		{478D2EC3-DBFD-4840-AF4C-2D5A8BD89B5D}.Release|x86.Build.0 = Release|x86
		{478D2EC3-DBFD-4840-AF4C-2D5A8BD89B5D}.ReleaseMD|Any CPU.ActiveCfg = Release|x86
		{478D2EC3-DBFD-4840-AF4C-2D5A8BD89B5D}.ReleaseMD|Mixed Platforms.ActiveCfg = Release|x86
		{478D2EC3-DBFD-4840-AF4C-2D5A8BD89B5D}.ReleaseMD|Mixed Platforms.Build.0 = Release|x86
		{478D2EC3-DBFD-4840-AF4C-2D5A8BD89B5D}.ReleaseMD|Win32.ActiveCfg = Release|x86
		{478D2EC3-DBFD-4840-AF4C-2D5A8BD89B5D}.ReleaseMD|Win32.Build.0 = Release|x86
		{478D2EC3-DBFD-4840-AF4C-2D5A8BD89B5D}.ReleaseMD|x64.ActiveCfg = Release|x64
		{478D2EC3-DBFD-4840-AF4C-2D5A8BD89B5D}.ReleaseMD|x64.Build.0 = Release|x64
		{478D2EC3-DBFD-4840-AF4C-2D5A8BD89B5D}.ReleaseMD|x86.ActiveCfg = Release|x86
		{478D2EC3-DBFD-4840-AF4C-2D5A8BD89B5D}.ReleaseMD|x86.Build.0 = Release|x86
		{77186405-DA32-40B5-BC68-4E805518C2B7}.Debug|Any CPU.ActiveCfg = Debug|Win32
		{77186405-DA32-40B5-BC68-4E805518C2B7}.Debug|Mixed Platforms.ActiveCfg = Debug|Win32
		{77186405-DA32-40B5-BC68-4E805518C2B7}.Debug|Mixed Platforms.Build.0 = Debug|Win32
		{77186405-DA32-40B5-BC68-4E805518C2B7}.Debug|Win32.ActiveCfg = Debug|Win32
		{77186405-DA32-40B5-BC68-4E805518C2B7}.Debug|Win32.Build.0 = Debug|Win32
		{77186405-DA32-40B5-BC68-4E805518C2B7}.Debug|x64.ActiveCfg = DebugBindings|x64
		{77186405-DA32-40B5-BC68-4E805518C2B7}.Debug|x64.Build.0 = DebugBindings|x64
		{77186405-DA32-40B5-BC68-4E805518C2B7}.Debug|x86.ActiveCfg = DebugBindings|Win32
		{77186405-DA32-40B5-BC68-4E805518C2B7}.Debug|x86.Build.0 = DebugBindings|Win32
		{77186405-DA32-40B5-BC68-4E805518C2B7}.DebugMD|Any CPU.ActiveCfg = DebugMD|Win32
		{77186405-DA32-40B5-BC68-4E805518C2B7}.DebugMD|Mixed Platforms.ActiveCfg = DebugMD|Win32
		{77186405-DA32-40B5-BC68-4E805518C2B7}.DebugMD|Mixed Platforms.Build.0 = DebugMD|Win32
		{77186405-DA32-40B5-BC68-4E805518C2B7}.DebugMD|Win32.ActiveCfg = DebugMD|Win32
		{77186405-DA32-40B5-BC68-4E805518C2B7}.DebugMD|Win32.Build.0 = DebugMD|Win32
		{77186405-DA32-40B5-BC68-4E805518C2B7}.DebugMD|x64.ActiveCfg = DebugMD|x64
		{77186405-DA32-40B5-BC68-4E805518C2B7}.DebugMD|x64.Build.0 = DebugMD|x64
		{77186405-DA32-40B5-BC68-4E805518C2B7}.DebugMD|x86.ActiveCfg = DebugMD|Win32
		{77186405-DA32-40B5-BC68-4E805518C2B7}.DebugMD|x86.Build.0 = DebugMD|Win32
		{77186405-DA32-40B5-BC68-4E805518C2B7}.Release|Any CPU.ActiveCfg = Release|Win32
		{77186405-DA32-40B5-BC68-4E805518C2B7}.Release|Mixed Platforms.ActiveCfg = Release|Win32
		{77186405-DA32-40B5-BC68-4E805518C2B7}.Release|Mixed Platforms.Build.0 = Release|Win32
		{77186405-DA32-40B5-BC68-4E805518C2B7}.Release|Win32.ActiveCfg = ReleaseBindings|Win32
		{77186405-DA32-40B5-BC68-4E805518C2B7}.Release|Win32.Build.0 = ReleaseBindings|Win32
		{77186405-DA32-40B5-BC68-4E805518C2B7}.Release|x64.ActiveCfg = ReleaseBindings|x64
		{77186405-DA32-40B5-BC68-4E805518C2B7}.Release|x64.Build.0 = ReleaseBindings|x64
		{77186405-DA32-40B5-BC68-4E805518C2B7}.Release|x86.ActiveCfg = ReleaseBindings|Win32
		{77186405-DA32-40B5-BC68-4E805518C2B7}.Release|x86.Build.0 = ReleaseBindings|Win32
		{77186405-DA32-40B5-BC68-4E805518C2B7}.ReleaseMD|Any CPU.ActiveCfg = ReleaseMD|Win32
		{77186405-DA32-40B5-BC68-4E805518C2B7}.ReleaseMD|Mixed Platforms.ActiveCfg = ReleaseMD|Win32
		{77186405-DA32-40B5-BC68-4E805518C2B7}.ReleaseMD|Mixed Platforms.Build.0 = ReleaseMD|Win32
		{77186405-DA32-40B5-BC68-4E805518C2B7}.ReleaseMD|Win32.ActiveCfg = ReleaseMD|Win32
		{77186405-DA32-40B5-BC68-4E805518C2B7}.ReleaseMD|Win32.Build.0 = ReleaseMD|Win32
		{77186405-DA32-40B5-BC68-4E805518C2B7}.ReleaseMD|x64.ActiveCfg = ReleaseMD|x64
		{77186405-DA32-40B5-BC68-4E805518C2B7}.ReleaseMD|x64.Build.0 = ReleaseMD|x64
		{77186405-DA32-40B5-BC68-4E805518C2B7}.ReleaseMD|x86.ActiveCfg = ReleaseMD|Win32
		{77186405-DA32-40B5-BC68-4E805518C2B7}.ReleaseMD|x86.Build.0 = ReleaseMD|Win32
		{6A59BB79-4F32-4C79-A161-12D76132FC98}.Debug|Any CPU.ActiveCfg = Debug|Win32
		{6A59BB79-4F32-4C79-A161-12D76132FC98}.Debug|Mixed Platforms.ActiveCfg = Debug|Win32
		{6A59BB79-4F32-4C79-A161-12D76132FC98}.Debug|Mixed Platforms.Build.0 = Debug|Win32
		{6A59BB79-4F32-4C79-A161-12D76132FC98}.Debug|Win32.ActiveCfg = Debug|Win32
		{6A59BB79-4F32-4C79-A161-12D76132FC98}.Debug|Win32.Build.0 = Debug|Win32
		{6A59BB79-4F32-4C79-A161-12D76132FC98}.Debug|x64.ActiveCfg = Debug|x64
		{6A59BB79-4F32-4C79-A161-12D76132FC98}.Debug|x64.Build.0 = Debug|x64
		{6A59BB79-4F32-4C79-A161-12D76132FC98}.Debug|x86.ActiveCfg = Debug|Win32
		{6A59BB79-4F32-4C79-A161-12D76132FC98}.Debug|x86.Build.0 = Debug|Win32
		{6A59BB79-4F32-4C79-A161-12D76132FC98}.DebugMD|Any CPU.ActiveCfg = DebugMD|Win32
		{6A59BB79-4F32-4C79-A161-12D76132FC98}.DebugMD|Mixed Platforms.ActiveCfg = DebugMD|Win32
		{6A59BB79-4F32-4C79-A161-12D76132FC98}.DebugMD|Mixed Platforms.Build.0 = DebugMD|Win32
		{6A59BB79-4F32-4C79-A161-12D76132FC98}.DebugMD|Win32.ActiveCfg = DebugMD|Win32
		{6A59BB79-4F32-4C79-A161-12D76132FC98}.DebugMD|Win32.Build.0 = DebugMD|Win32
		{6A59BB79-4F32-4C79-A161-12D76132FC98}.DebugMD|x64.ActiveCfg = DebugMD|x64
		{6A59BB79-4F32-4C79-A161-12D76132FC98}.DebugMD|x64.Build.0 = DebugMD|x64
		{6A59BB79-4F32-4C79-A161-12D76132FC98}.DebugMD|x86.ActiveCfg = DebugMD|Win32
		{6A59BB79-4F32-4C79-A161-12D76132FC98}.DebugMD|x86.Build.0 = DebugMD|Win32
		{6A59BB79-4F32-4C79-A161-12D76132FC98}.Release|Any CPU.ActiveCfg = Release|Win32
		{6A59BB79-4F32-4C79-A161-12D76132FC98}.Release|Mixed Platforms.ActiveCfg = Release|Win32
		{6A59BB79-4F32-4C79-A161-12D76132FC98}.Release|Mixed Platforms.Build.0 = Release|Win32
		{6A59BB79-4F32-4C79-A161-12D76132FC98}.Release|Win32.ActiveCfg = Release|Win32
		{6A59BB79-4F32-4C79-A161-12D76132FC98}.Release|Win32.Build.0 = Release|Win32
		{6A59BB79-4F32-4C79-A161-12D76132FC98}.Release|x64.ActiveCfg = Release|x64
		{6A59BB79-4F32-4C79-A161-12D76132FC98}.Release|x64.Build.0 = Release|x64
		{6A59BB79-4F32-4C79-A161-12D76132FC98}.Release|x86.ActiveCfg = Release|Win32
		{6A59BB79-4F32-4C79-A161-12D76132FC98}.Release|x86.Build.0 = Release|Win32
		{6A59BB79-4F32-4C79-A161-12D76132FC98}.ReleaseMD|Any CPU.ActiveCfg = ReleaseMD|Win32
		{6A59BB79-4F32-4C79-A161-12D76132FC98}.ReleaseMD|Mixed Platforms.ActiveCfg = ReleaseMD|Win32
		{6A59BB79-4F32-4C79-A161-12D76132FC98}.ReleaseMD|Mixed Platforms.Build.0 = ReleaseMD|Win32
		{6A59BB79-4F32-4C79-A161-12D76132FC98}.ReleaseMD|Win32.ActiveCfg = ReleaseMD|Win32
		{6A59BB79-4F32-4C79-A161-12D76132FC98}.ReleaseMD|Win32.Build.0 = ReleaseMD|Win32
		{6A59BB79-4F32-4C79-A161-12D76132FC98}.ReleaseMD|x64.ActiveCfg = ReleaseMD|x64
		{6A59BB79-4F32-4C79-A161-12D76132FC98}.ReleaseMD|x64.Build.0 = ReleaseMD|x64
		{6A59BB79-4F32-4C79-A161-12D76132FC98}.ReleaseMD|x86.ActiveCfg = ReleaseMD|Win32
		{6A59BB79-4F32-4C79-A161-12D76132FC98}.ReleaseMD|x86.Build.0 = ReleaseMD|Win32
	EndGlobalSection
	GlobalSection(SolutionProperties) = preSolution
		HideSolutionNode = FALSE
	EndGlobalSection
EndGlobal
