<?xml version="1.0" encoding="utf-8"?>
<Project ToolsVersion="4.0" xmlns="http://schemas.microsoft.com/developer/msbuild/2003">
  <ItemGroup>
    <Filter Include="Source Files">
      <UniqueIdentifier>{4FC737F1-C7A5-4376-A066-2A32D752A2FF}</UniqueIdentifier>
      <Extensions>cpp;c;cc;cxx;def;odl;idl;hpj;bat;asm;asmx</Extensions>
    </Filter>
    <Filter Include="Header Files">
      <UniqueIdentifier>{93995380-89BD-4b04-88EB-625FBE52EBFB}</UniqueIdentifier>
      <Extensions>h;hpp;hxx;hm;inl;inc;xsd</Extensions>
    </Filter>
    <Filter Include="Resource Files">
      <UniqueIdentifier>{67DA6AB6-F800-4c08-8B7A-83BB121AAD01}</UniqueIdentifier>
      <Extensions>rc;ico;cur;bmp;dlg;rc2;rct;bin;rgs;gif;jpg;jpeg;jpe;resx;tiff;tif;png;wav;mfcribbon-ms</Extensions>
    </Filter>
    <Filter Include="Source Files\win32">
      <UniqueIdentifier>{1e021206-16cb-4ce7-b4da-6eac4a639e9a}</UniqueIdentifier>
    </Filter>
    <Filter Include="Header Files\win32">
      <UniqueIdentifier>{470994a0-1390-44d2-abc9-d7fb29537923}</UniqueIdentifier>
    </Filter>
  </ItemGroup>
  <ItemGroup>
    <ClInclude Include="streaming.h">
      <Filter>Header Files</Filter>
    </ClInclude>
    <ClInclude Include="win32\resource.h">
      <Filter>Header Files\win32</Filter>
    </ClInclude>
    <ClInclude Include="win32\stdafx.h">
      <Filter>Header Files\win32</Filter>
    </ClInclude>
    <ClInclude Include="wavemesh.h">
      <Filter>Header Files</Filter>
    </ClInclude>
    <ClInclude Include="win32\captureslow_d3d.h">
      <Filter>Header Files\win32</Filter>
    </ClInclude>
    <ClInclude Include="win32\capturefast_d3d.h">
      <Filter>Header Files\win32</Filter>
    </ClInclude>
  </ItemGroup>
  <ItemGroup>
    <ClCompile Include="streaming.cpp">
      <Filter>Source Files</Filter>
    </ClCompile>
    <ClCompile Include="win32\main_d3d.cpp">
      <Filter>Source Files\win32</Filter>
    </ClCompile>
    <ClCompile Include="win32\stdafx.cpp">
      <Filter>Source Files\win32</Filter>
    </ClCompile>
    <ClCompile Include="win32\wavemesh.cpp">
      <Filter>Source Files\win32</Filter>
    </ClCompile>
    <ClCompile Include="win32\captureslow_d3d.cpp">
      <Filter>Source Files\win32</Filter>
    </ClCompile>
    <ClCompile Include="win32\capturefast_d3d.cpp">
      <Filter>Source Files\win32</Filter>
    </ClCompile>
  </ItemGroup>
  <ItemGroup>
    <ResourceCompile Include="win32\streaming.rc">
      <Filter>Resource Files</Filter>
    </ResourceCompile>
  </ItemGroup>
  <ItemGroup>
    <None Include="win32\small.ico">
      <Filter>Resource Files</Filter>
    </None>
    <None Include="win32\streaming.ico">
      <Filter>Resource Files</Filter>
    </None>
  </ItemGroup>
</Project>